
Microsoft Visual Studio Solution File, Format Version 12.00
# Visual Studio Version 17
VisualStudioVersion = 17.9.34728.123
MinimumVisualStudioVersion = 10.0.40219.1
Project("{9A19103F-16F7-4668-BE54-9A1E7A4F7556}") = "Project", "Project.csproj", "{35D33432-61A4-4383-AC04-5D63122E6C56}"
EndProject
Global
	GlobalSection(SolutionConfigurationPlatforms) = preSolution
		Debug|Any CPU = Debug|Any CPU
		Release|Any CPU = Release|Any CPU
	EndGlobalSection
	GlobalSection(ProjectConfigurationPlatforms) = postSolution
		{35D33432-61A4-4383-AC04-5D63122E6C56}.Debug|Any CPU.ActiveCfg = Debug|Any CPU
		{35D33432-61A4-4383-AC04-5D63122E6C56}.Debug|Any CPU.Build.0 = Debug|Any CPU
		{35D33432-61A4-4383-AC04-5D63122E6C56}.Release|Any CPU.ActiveCfg = Release|Any CPU
		{35D33432-61A4-4383-AC04-5D63122E6C56}.Release|Any CPU.Build.0 = Release|Any CPU
	EndGlobalSection
	GlobalSection(SolutionProperties) = preSolution
		HideSolutionNode = FALSE
	EndGlobalSection
	GlobalSection(ExtensibilityGlobals) = postSolution
		SolutionGuid = {3ECF9F8B-0B6E-4387-97DD-A8C48E1E5D03}
	EndGlobalSection
EndGlobal
